
Microsoft Visual Studio Solution File, Format Version 12.00
# Visual Studio Version 16
VisualStudioVersion = 16.0.32228.343
MinimumVisualStudioVersion = 10.0.40219.1
Project("{FAE04EC0-301F-11D3-BF4B-00C04F79EFBC}") = "MasterMech", "MasterMech\MasterMech.csproj", "{EA16704E-34E3-4F39-9907-2B8B8F0AD227}"
EndProject
Global
	GlobalSection(SolutionConfigurationPlatforms) = preSolution
		Debug|Any CPU = Debug|Any CPU
		Release|Any CPU = Release|Any CPU
	EndGlobalSection
	GlobalSection(ProjectConfigurationPlatforms) = postSolution
		{EA16704E-34E3-4F39-9907-2B8B8F0AD227}.Debug|Any CPU.ActiveCfg = Debug|Any CPU
		{EA16704E-34E3-4F39-9907-2B8B8F0AD227}.Debug|Any CPU.Build.0 = Debug|Any CPU
		{EA16704E-34E3-4F39-9907-2B8B8F0AD227}.Release|Any CPU.ActiveCfg = Release|Any CPU
		{EA16704E-34E3-4F39-9907-2B8B8F0AD227}.Release|Any CPU.Build.0 = Release|Any CPU
	EndGlobalSection
	GlobalSection(SolutionProperties) = preSolution
		HideSolutionNode = FALSE
	EndGlobalSection
	GlobalSection(ExtensibilityGlobals) = postSolution
		SolutionGuid = {BAE543B0-A99D-4447-B99C-2594356DE46D}
	EndGlobalSection
EndGlobal
